
Microsoft Visual Studio Solution File, Format Version 12.00
# Visual Studio Version 18
VisualStudioVersion = 18.1.11304.174 d18.0
MinimumVisualStudioVersion = 10.0.40219.1
Project("{9A19103F-16F7-4668-BE54-9A1E7A4F7556}") = "SantaTracker.Net.WebApi", "SantaTracker.Net.WebApi\SantaTracker.Net.WebApi.csproj", "{492F5419-A095-4EF6-A9FF-3BC3058CA423}"
EndProject
Project("{FAE04EC0-301F-11D3-BF4B-00C04F79EFBC}") = "SantaTracker.Net.Application", "SantaTracker.Net.Application\SantaTracker.Net.Application.csproj", "{14D074DD-6C4B-4CB2-A885-B598F526E257}"
EndProject
Project("{FAE04EC0-301F-11D3-BF4B-00C04F79EFBC}") = "SantaTracker.Net.Contracts", "SantaTracker.Net.Contracts\SantaTracker.Net.Contracts.csproj", "{3AC67515-BF8F-42A6-AA34-18DDCA4885A9}"
EndProject
Project("{FAE04EC0-301F-11D3-BF4B-00C04F79EFBC}") = "SantaTracker.Net.Infrastructure", "SantaTracker.Net.Infrastructure\SantaTracker.Net.Infrastructure.csproj", "{56C761D0-4ED1-44E6-BD15-467A58AEB218}"
EndProject
Global
	GlobalSection(SolutionConfigurationPlatforms) = preSolution
		Debug|Any CPU = Debug|Any CPU
		Release|Any CPU = Release|Any CPU
	EndGlobalSection
	GlobalSection(ProjectConfigurationPlatforms) = postSolution
		{492F5419-A095-4EF6-A9FF-3BC3058CA423}.Debug|Any CPU.ActiveCfg = Debug|Any CPU
		{492F5419-A095-4EF6-A9FF-3BC3058CA423}.Debug|Any CPU.Build.0 = Debug|Any CPU
		{492F5419-A095-4EF6-A9FF-3BC3058CA423}.Release|Any CPU.ActiveCfg = Release|Any CPU
		{492F5419-A095-4EF6-A9FF-3BC3058CA423}.Release|Any CPU.Build.0 = Release|Any CPU
		{14D074DD-6C4B-4CB2-A885-B598F526E257}.Debug|Any CPU.ActiveCfg = Debug|Any CPU
		{14D074DD-6C4B-4CB2-A885-B598F526E257}.Debug|Any CPU.Build.0 = Debug|Any CPU
		{14D074DD-6C4B-4CB2-A885-B598F526E257}.Release|Any CPU.ActiveCfg = Release|Any CPU
		{14D074DD-6C4B-4CB2-A885-B598F526E257}.Release|Any CPU.Build.0 = Release|Any CPU
		{3AC67515-BF8F-42A6-AA34-18DDCA4885A9}.Debug|Any CPU.ActiveCfg = Debug|Any CPU
		{3AC67515-BF8F-42A6-AA34-18DDCA4885A9}.Debug|Any CPU.Build.0 = Debug|Any CPU
		{3AC67515-BF8F-42A6-AA34-18DDCA4885A9}.Release|Any CPU.ActiveCfg = Release|Any CPU
		{3AC67515-BF8F-42A6-AA34-18DDCA4885A9}.Release|Any CPU.Build.0 = Release|Any CPU
		{56C761D0-4ED1-44E6-BD15-467A58AEB218}.Debug|Any CPU.ActiveCfg = Debug|Any CPU
		{56C761D0-4ED1-44E6-BD15-467A58AEB218}.Debug|Any CPU.Build.0 = Debug|Any CPU
		{56C761D0-4ED1-44E6-BD15-467A58AEB218}.Release|Any CPU.ActiveCfg = Release|Any CPU
		{56C761D0-4ED1-44E6-BD15-467A58AEB218}.Release|Any CPU.Build.0 = Release|Any CPU
	EndGlobalSection
	GlobalSection(SolutionProperties) = preSolution
		HideSolutionNode = FALSE
	EndGlobalSection
	GlobalSection(ExtensibilityGlobals) = postSolution
		SolutionGuid = {3D64E57F-028F-4662-9FB3-7C6687881167}
	EndGlobalSection
EndGlobal
